// !$*UTF8*$!
{
	archiveVersion = 1;
	classes = {
	};
	objectVersion = 56;
	objects = {

/* Begin PBXBuildFile section */
		B30FB7BA2C133E6B00ECD88A /* CertService.swift in Sources */ = {isa = PBXBuildFile; fileRef = B30FB7B92C133E6B00ECD88A /* CertService.swift */; };
		B30FB7C02C13AEC300ECD88A /* CertificatesListViewModel.swift in Sources */ = {isa = PBXBuildFile; fileRef = B30FB7BF2C13AEC300ECD88A /* CertificatesListViewModel.swift */; };
		B30FB7C22C13B04100ECD88A /* CertificatesListView.swift in Sources */ = {isa = PBXBuildFile; fileRef = B30FB7C12C13B04100ECD88A /* CertificatesListView.swift */; };
		B30FB7C52C13B73D00ECD88A /* Constants.swift in Sources */ = {isa = PBXBuildFile; fileRef = B30FB7C42C13B73D00ECD88A /* Constants.swift */; };
		B30FB7C62C13B91C00ECD88A /* FavouritesListView.swift in Sources */ = {isa = PBXBuildFile; fileRef = B30FB7BD2C13AD7900ECD88A /* FavouritesListView.swift */; };
		B30FB7C72C13B92200ECD88A /* FavouritesListView.swift in Sources */ = {isa = PBXBuildFile; fileRef = B30FB7BD2C13AD7900ECD88A /* FavouritesListView.swift */; };
		B30FB7C82C13B92800ECD88A /* FavouritesListViewModel.swift in Sources */ = {isa = PBXBuildFile; fileRef = B30FB7C32C13B05400ECD88A /* FavouritesListViewModel.swift */; };
		B30FB7C92C13B92800ECD88A /* FavouritesListViewModel.swift in Sources */ = {isa = PBXBuildFile; fileRef = B30FB7C32C13B05400ECD88A /* FavouritesListViewModel.swift */; };
		B30FB7CA2C13B92F00ECD88A /* MainContentView.swift in Sources */ = {isa = PBXBuildFile; fileRef = B3292FD32C11C04300015C9E /* MainContentView.swift */; };
		B30FB7CB2C13B93300ECD88A /* CertificatesListView.swift in Sources */ = {isa = PBXBuildFile; fileRef = B30FB7C12C13B04100ECD88A /* CertificatesListView.swift */; };
		B30FB7CC2C13B93500ECD88A /* CertificatesListViewModel.swift in Sources */ = {isa = PBXBuildFile; fileRef = B30FB7BF2C13AEC300ECD88A /* CertificatesListViewModel.swift */; };
		B30FB7CD2C13B93900ECD88A /* CertService.swift in Sources */ = {isa = PBXBuildFile; fileRef = B30FB7B92C133E6B00ECD88A /* CertService.swift */; };
		B30FB7CE2C13B93A00ECD88A /* CertService.swift in Sources */ = {isa = PBXBuildFile; fileRef = B30FB7B92C133E6B00ECD88A /* CertService.swift */; };
		B30FB7CF2C13B93E00ECD88A /* Certificate.swift in Sources */ = {isa = PBXBuildFile; fileRef = B3292FD52C11C04300015C9E /* Certificate.swift */; };
		B3292FD22C11C04300015C9E /* CarbonCertsApp.swift in Sources */ = {isa = PBXBuildFile; fileRef = B3292FD12C11C04300015C9E /* CarbonCertsApp.swift */; };
		B3292FD42C11C04300015C9E /* MainContentView.swift in Sources */ = {isa = PBXBuildFile; fileRef = B3292FD32C11C04300015C9E /* MainContentView.swift */; };
		B3292FD62C11C04300015C9E /* Certificate.swift in Sources */ = {isa = PBXBuildFile; fileRef = B3292FD52C11C04300015C9E /* Certificate.swift */; };
		B3292FD82C11C04400015C9E /* Assets.xcassets in Resources */ = {isa = PBXBuildFile; fileRef = B3292FD72C11C04400015C9E /* Assets.xcassets */; };
		B3292FDC2C11C04400015C9E /* Preview Assets.xcassets in Resources */ = {isa = PBXBuildFile; fileRef = B3292FDB2C11C04400015C9E /* Preview Assets.xcassets */; };
		B3292FE62C11C04500015C9E /* CarbonCertsTests.swift in Sources */ = {isa = PBXBuildFile; fileRef = B3292FE52C11C04500015C9E /* CarbonCertsTests.swift */; };
		B3292FF02C11C04500015C9E /* CarbonCertsUITests.swift in Sources */ = {isa = PBXBuildFile; fileRef = B3292FEF2C11C04500015C9E /* CarbonCertsUITests.swift */; };
		B3292FF22C11C04500015C9E /* CarbonCertsUITestsLaunchTests.swift in Sources */ = {isa = PBXBuildFile; fileRef = B3292FF12C11C04500015C9E /* CarbonCertsUITestsLaunchTests.swift */; };
		B32930012C11C5FB00015C9E /* CombineMoya in Frameworks */ = {isa = PBXBuildFile; productRef = B32930002C11C5FB00015C9E /* CombineMoya */; };
		B32930032C11C5FB00015C9E /* Moya in Frameworks */ = {isa = PBXBuildFile; productRef = B32930022C11C5FB00015C9E /* Moya */; };
		B3E4CC452C15CD2400A3B7D4 /* CertificateListCell.swift in Sources */ = {isa = PBXBuildFile; fileRef = B3E4CC442C15CD2400A3B7D4 /* CertificateListCell.swift */; };
/* End PBXBuildFile section */

/* Begin PBXContainerItemProxy section */
		B3292FE22C11C04500015C9E /* PBXContainerItemProxy */ = {
			isa = PBXContainerItemProxy;
			containerPortal = B3292FC62C11C04300015C9E /* Project object */;
			proxyType = 1;
			remoteGlobalIDString = B3292FCD2C11C04300015C9E;
			remoteInfo = CarbonCerts;
		};
		B3292FEC2C11C04500015C9E /* PBXContainerItemProxy */ = {
			isa = PBXContainerItemProxy;
			containerPortal = B3292FC62C11C04300015C9E /* Project object */;
			proxyType = 1;
			remoteGlobalIDString = B3292FCD2C11C04300015C9E;
			remoteInfo = CarbonCerts;
		};
/* End PBXContainerItemProxy section */

/* Begin PBXFileReference section */
		B30FB7B92C133E6B00ECD88A /* CertService.swift */ = {isa = PBXFileReference; lastKnownFileType = sourcecode.swift; path = CertService.swift; sourceTree = "<group>"; };
		B30FB7BD2C13AD7900ECD88A /* FavouritesListView.swift */ = {isa = PBXFileReference; lastKnownFileType = sourcecode.swift; path = FavouritesListView.swift; sourceTree = "<group>"; };
		B30FB7BF2C13AEC300ECD88A /* CertificatesListViewModel.swift */ = {isa = PBXFileReference; lastKnownFileType = sourcecode.swift; path = CertificatesListViewModel.swift; sourceTree = "<group>"; };
		B30FB7C12C13B04100ECD88A /* CertificatesListView.swift */ = {isa = PBXFileReference; lastKnownFileType = sourcecode.swift; path = CertificatesListView.swift; sourceTree = "<group>"; };
		B30FB7C32C13B05400ECD88A /* FavouritesListViewModel.swift */ = {isa = PBXFileReference; lastKnownFileType = sourcecode.swift; path = FavouritesListViewModel.swift; sourceTree = "<group>"; };
		B30FB7C42C13B73D00ECD88A /* Constants.swift */ = {isa = PBXFileReference; lastKnownFileType = sourcecode.swift; path = Constants.swift; sourceTree = "<group>"; };
		B3292FCE2C11C04300015C9E /* CarbonCerts.app */ = {isa = PBXFileReference; explicitFileType = wrapper.application; includeInIndex = 0; path = CarbonCerts.app; sourceTree = BUILT_PRODUCTS_DIR; };
		B3292FD12C11C04300015C9E /* CarbonCertsApp.swift */ = {isa = PBXFileReference; lastKnownFileType = sourcecode.swift; path = CarbonCertsApp.swift; sourceTree = "<group>"; };
		B3292FD32C11C04300015C9E /* MainContentView.swift */ = {isa = PBXFileReference; lastKnownFileType = sourcecode.swift; path = MainContentView.swift; sourceTree = "<group>"; };
		B3292FD52C11C04300015C9E /* Certificate.swift */ = {isa = PBXFileReference; lastKnownFileType = sourcecode.swift; path = Certificate.swift; sourceTree = "<group>"; };
		B3292FD72C11C04400015C9E /* Assets.xcassets */ = {isa = PBXFileReference; lastKnownFileType = folder.assetcatalog; path = Assets.xcassets; sourceTree = "<group>"; };
		B3292FD92C11C04400015C9E /* CarbonCerts.entitlements */ = {isa = PBXFileReference; lastKnownFileType = text.plist.entitlements; path = CarbonCerts.entitlements; sourceTree = "<group>"; };
		B3292FDB2C11C04400015C9E /* Preview Assets.xcassets */ = {isa = PBXFileReference; lastKnownFileType = folder.assetcatalog; path = "Preview Assets.xcassets"; sourceTree = "<group>"; };
		B3292FE12C11C04500015C9E /* CarbonCertsTests.xctest */ = {isa = PBXFileReference; explicitFileType = wrapper.cfbundle; includeInIndex = 0; path = CarbonCertsTests.xctest; sourceTree = BUILT_PRODUCTS_DIR; };
		B3292FE52C11C04500015C9E /* CarbonCertsTests.swift */ = {isa = PBXFileReference; lastKnownFileType = sourcecode.swift; path = CarbonCertsTests.swift; sourceTree = "<group>"; };
		B3292FEB2C11C04500015C9E /* CarbonCertsUITests.xctest */ = {isa = PBXFileReference; explicitFileType = wrapper.cfbundle; includeInIndex = 0; path = CarbonCertsUITests.xctest; sourceTree = BUILT_PRODUCTS_DIR; };
		B3292FEF2C11C04500015C9E /* CarbonCertsUITests.swift */ = {isa = PBXFileReference; lastKnownFileType = sourcecode.swift; path = CarbonCertsUITests.swift; sourceTree = "<group>"; };
		B3292FF12C11C04500015C9E /* CarbonCertsUITestsLaunchTests.swift */ = {isa = PBXFileReference; lastKnownFileType = sourcecode.swift; path = CarbonCertsUITestsLaunchTests.swift; sourceTree = "<group>"; };
		B3E4CC442C15CD2400A3B7D4 /* CertificateListCell.swift */ = {isa = PBXFileReference; lastKnownFileType = sourcecode.swift; path = CertificateListCell.swift; sourceTree = "<group>"; };
/* End PBXFileReference section */

/* Begin PBXFrameworksBuildPhase section */
		B3292FCB2C11C04300015C9E /* Frameworks */ = {
			isa = PBXFrameworksBuildPhase;
			buildActionMask = 2147483647;
			files = (
				B32930032C11C5FB00015C9E /* Moya in Frameworks */,
				B32930012C11C5FB00015C9E /* CombineMoya in Frameworks */,
			);
			runOnlyForDeploymentPostprocessing = 0;
		};
		B3292FDE2C11C04500015C9E /* Frameworks */ = {
			isa = PBXFrameworksBuildPhase;
			buildActionMask = 2147483647;
			files = (
			);
			runOnlyForDeploymentPostprocessing = 0;
		};
		B3292FE82C11C04500015C9E /* Frameworks */ = {
			isa = PBXFrameworksBuildPhase;
			buildActionMask = 2147483647;
			files = (
			);
			runOnlyForDeploymentPostprocessing = 0;
		};
/* End PBXFrameworksBuildPhase section */

/* Begin PBXGroup section */
		B30FB7B42C1333A600ECD88A /* Network */ = {
			isa = PBXGroup;
			children = (
				B30FB7B92C133E6B00ECD88A /* CertService.swift */,
			);
			path = Network;
			sourceTree = "<group>";
		};
		B30FB7B52C1333BD00ECD88A /* Model */ = {
			isa = PBXGroup;
			children = (
				B3292FD52C11C04300015C9E /* Certificate.swift */,
			);
			path = Model;
			sourceTree = "<group>";
		};
		B30FB7B62C1333C600ECD88A /* Views */ = {
			isa = PBXGroup;
			children = (
				B30FB7BE2C13AE7400ECD88A /* CertificatesList */,
				B30FB7BB2C13AD3A00ECD88A /* Main */,
				B30FB7BC2C13AD4700ECD88A /* Favourites */,
			);
			path = Views;
			sourceTree = "<group>";
		};
		B30FB7B82C133E3900ECD88A /* App */ = {
			isa = PBXGroup;
			children = (
				B30FB7B42C1333A600ECD88A /* Network */,
				B3292FFE2C11C56100015C9E /* Utils */,
				B3292FD12C11C04300015C9E /* CarbonCertsApp.swift */,
				B30FB7B62C1333C600ECD88A /* Views */,
				B30FB7B52C1333BD00ECD88A /* Model */,
				B3292FD72C11C04400015C9E /* Assets.xcassets */,
			);
			path = App;
			sourceTree = "<group>";
		};
		B30FB7BB2C13AD3A00ECD88A /* Main */ = {
			isa = PBXGroup;
			children = (
				B3292FD32C11C04300015C9E /* MainContentView.swift */,
			);
			path = Main;
			sourceTree = "<group>";
		};
		B30FB7BC2C13AD4700ECD88A /* Favourites */ = {
			isa = PBXGroup;
			children = (
				B30FB7BD2C13AD7900ECD88A /* FavouritesListView.swift */,
				B30FB7C32C13B05400ECD88A /* FavouritesListViewModel.swift */,
			);
			path = Favourites;
			sourceTree = "<group>";
		};
		B30FB7BE2C13AE7400ECD88A /* CertificatesList */ = {
			isa = PBXGroup;
			children = (
				B30FB7C12C13B04100ECD88A /* CertificatesListView.swift */,
				B30FB7BF2C13AEC300ECD88A /* CertificatesListViewModel.swift */,
			);
			path = CertificatesList;
			sourceTree = "<group>";
		};
		B3292FC52C11C04300015C9E = {
			isa = PBXGroup;
			children = (
				B3292FD02C11C04300015C9E /* CarbonCerts */,
				B3292FE42C11C04500015C9E /* CarbonCertsTests */,
				B3292FEE2C11C04500015C9E /* CarbonCertsUITests */,
				B3292FCF2C11C04300015C9E /* Products */,
			);
			sourceTree = "<group>";
		};
		B3292FCF2C11C04300015C9E /* Products */ = {
			isa = PBXGroup;
			children = (
				B3292FCE2C11C04300015C9E /* CarbonCerts.app */,
				B3292FE12C11C04500015C9E /* CarbonCertsTests.xctest */,
				B3292FEB2C11C04500015C9E /* CarbonCertsUITests.xctest */,
			);
			name = Products;
			sourceTree = "<group>";
		};
		B3292FD02C11C04300015C9E /* CarbonCerts */ = {
			isa = PBXGroup;
			children = (
				B30FB7B82C133E3900ECD88A /* App */,
				B3292FD92C11C04400015C9E /* CarbonCerts.entitlements */,
				B3292FDA2C11C04400015C9E /* Preview Content */,
			);
			path = CarbonCerts;
			sourceTree = "<group>";
		};
		B3292FDA2C11C04400015C9E /* Preview Content */ = {
			isa = PBXGroup;
			children = (
				B3292FDB2C11C04400015C9E /* Preview Assets.xcassets */,
			);
			path = "Preview Content";
			sourceTree = "<group>";
		};
		B3292FE42C11C04500015C9E /* CarbonCertsTests */ = {
			isa = PBXGroup;
			children = (
				B3292FE52C11C04500015C9E /* CarbonCertsTests.swift */,
			);
			path = CarbonCertsTests;
			sourceTree = "<group>";
		};
		B3292FEE2C11C04500015C9E /* CarbonCertsUITests */ = {
			isa = PBXGroup;
			children = (
				B3292FEF2C11C04500015C9E /* CarbonCertsUITests.swift */,
				B3292FF12C11C04500015C9E /* CarbonCertsUITestsLaunchTests.swift */,
			);
			path = CarbonCertsUITests;
			sourceTree = "<group>";
		};
		B3292FFE2C11C56100015C9E /* Utils */ = {
			isa = PBXGroup;
			children = (
				B3E4CC432C15CD0B00A3B7D4 /* Style */,
				B30FB7C42C13B73D00ECD88A /* Constants.swift */,
			);
			path = Utils;
			sourceTree = "<group>";
		};
		B3E4CC422C15CCDC00A3B7D4 /* CustomComponents */ = {
			isa = PBXGroup;
			children = (
				B3E4CC442C15CD2400A3B7D4 /* CertificateListCell.swift */,
			);
			path = CustomComponents;
			sourceTree = "<group>";
		};
		B3E4CC432C15CD0B00A3B7D4 /* Style */ = {
			isa = PBXGroup;
			children = (
				B3E4CC422C15CCDC00A3B7D4 /* CustomComponents */,
			);
			path = Style;
			sourceTree = "<group>";
		};
/* End PBXGroup section */

/* Begin PBXNativeTarget section */
		B3292FCD2C11C04300015C9E /* CarbonCerts */ = {
			isa = PBXNativeTarget;
			buildConfigurationList = B3292FF52C11C04500015C9E /* Build configuration list for PBXNativeTarget "CarbonCerts" */;
			buildPhases = (
				B3292FCA2C11C04300015C9E /* Sources */,
				B3292FCB2C11C04300015C9E /* Frameworks */,
				B3292FCC2C11C04300015C9E /* Resources */,
			);
			buildRules = (
			);
			dependencies = (
			);
			name = CarbonCerts;
			packageProductDependencies = (
				B32930002C11C5FB00015C9E /* CombineMoya */,
				B32930022C11C5FB00015C9E /* Moya */,
			);
			productName = CarbonCerts;
			productReference = B3292FCE2C11C04300015C9E /* CarbonCerts.app */;
			productType = "com.apple.product-type.application";
		};
		B3292FE02C11C04500015C9E /* CarbonCertsTests */ = {
			isa = PBXNativeTarget;
			buildConfigurationList = B3292FF82C11C04500015C9E /* Build configuration list for PBXNativeTarget "CarbonCertsTests" */;
			buildPhases = (
				B3292FDD2C11C04500015C9E /* Sources */,
				B3292FDE2C11C04500015C9E /* Frameworks */,
				B3292FDF2C11C04500015C9E /* Resources */,
			);
			buildRules = (
			);
			dependencies = (
				B3292FE32C11C04500015C9E /* PBXTargetDependency */,
			);
			name = CarbonCertsTests;
			productName = CarbonCertsTests;
			productReference = B3292FE12C11C04500015C9E /* CarbonCertsTests.xctest */;
			productType = "com.apple.product-type.bundle.unit-test";
		};
		B3292FEA2C11C04500015C9E /* CarbonCertsUITests */ = {
			isa = PBXNativeTarget;
			buildConfigurationList = B3292FFB2C11C04500015C9E /* Build configuration list for PBXNativeTarget "CarbonCertsUITests" */;
			buildPhases = (
				B3292FE72C11C04500015C9E /* Sources */,
				B3292FE82C11C04500015C9E /* Frameworks */,
				B3292FE92C11C04500015C9E /* Resources */,
			);
			buildRules = (
			);
			dependencies = (
				B3292FED2C11C04500015C9E /* PBXTargetDependency */,
			);
			name = CarbonCertsUITests;
			productName = CarbonCertsUITests;
			productReference = B3292FEB2C11C04500015C9E /* CarbonCertsUITests.xctest */;
			productType = "com.apple.product-type.bundle.ui-testing";
		};
/* End PBXNativeTarget section */

/* Begin PBXProject section */
		B3292FC62C11C04300015C9E /* Project object */ = {
			isa = PBXProject;
			attributes = {
				BuildIndependentTargetsInParallel = 1;
				LastSwiftUpdateCheck = 1540;
				LastUpgradeCheck = 1540;
				TargetAttributes = {
					B3292FCD2C11C04300015C9E = {
						CreatedOnToolsVersion = 15.4;
					};
					B3292FE02C11C04500015C9E = {
						CreatedOnToolsVersion = 15.4;
						TestTargetID = B3292FCD2C11C04300015C9E;
					};
					B3292FEA2C11C04500015C9E = {
						CreatedOnToolsVersion = 15.4;
						TestTargetID = B3292FCD2C11C04300015C9E;
					};
				};
			};
			buildConfigurationList = B3292FC92C11C04300015C9E /* Build configuration list for PBXProject "CarbonCerts" */;
			compatibilityVersion = "Xcode 14.0";
			developmentRegion = en;
			hasScannedForEncodings = 0;
			knownRegions = (
				en,
				Base,
			);
			mainGroup = B3292FC52C11C04300015C9E;
			packageReferences = (
				B3292FFF2C11C5FB00015C9E /* XCRemoteSwiftPackageReference "Moya" */,
			);
			productRefGroup = B3292FCF2C11C04300015C9E /* Products */;
			projectDirPath = "";
			projectRoot = "";
			targets = (
				B3292FCD2C11C04300015C9E /* CarbonCerts */,
				B3292FE02C11C04500015C9E /* CarbonCertsTests */,
				B3292FEA2C11C04500015C9E /* CarbonCertsUITests */,
			);
		};
/* End PBXProject section */

/* Begin PBXResourcesBuildPhase section */
		B3292FCC2C11C04300015C9E /* Resources */ = {
			isa = PBXResourcesBuildPhase;
			buildActionMask = 2147483647;
			files = (
				B3292FDC2C11C04400015C9E /* Preview Assets.xcassets in Resources */,
				B3292FD82C11C04400015C9E /* Assets.xcassets in Resources */,
			);
			runOnlyForDeploymentPostprocessing = 0;
		};
		B3292FDF2C11C04500015C9E /* Resources */ = {
			isa = PBXResourcesBuildPhase;
			buildActionMask = 2147483647;
			files = (
			);
			runOnlyForDeploymentPostprocessing = 0;
		};
		B3292FE92C11C04500015C9E /* Resources */ = {
			isa = PBXResourcesBuildPhase;
			buildActionMask = 2147483647;
			files = (
			);
			runOnlyForDeploymentPostprocessing = 0;
		};
/* End PBXResourcesBuildPhase section */

/* Begin PBXSourcesBuildPhase section */
		B3292FCA2C11C04300015C9E /* Sources */ = {
			isa = PBXSourcesBuildPhase;
			buildActionMask = 2147483647;
			files = (
				B3292FD42C11C04300015C9E /* MainContentView.swift in Sources */,
				B3292FD62C11C04300015C9E /* Certificate.swift in Sources */,
				B30FB7C62C13B91C00ECD88A /* FavouritesListView.swift in Sources */,
				B3E4CC452C15CD2400A3B7D4 /* CertificateListCell.swift in Sources */,
				B30FB7C22C13B04100ECD88A /* CertificatesListView.swift in Sources */,
				B30FB7C82C13B92800ECD88A /* FavouritesListViewModel.swift in Sources */,
				B3292FD22C11C04300015C9E /* CarbonCertsApp.swift in Sources */,
				B30FB7C52C13B73D00ECD88A /* Constants.swift in Sources */,
				B30FB7BA2C133E6B00ECD88A /* CertService.swift in Sources */,
				B30FB7C02C13AEC300ECD88A /* CertificatesListViewModel.swift in Sources */,
			);
			runOnlyForDeploymentPostprocessing = 0;
		};
		B3292FDD2C11C04500015C9E /* Sources */ = {
			isa = PBXSourcesBuildPhase;
			buildActionMask = 2147483647;
			files = (
				B30FB7CC2C13B93500ECD88A /* CertificatesListViewModel.swift in Sources */,
				B30FB7CD2C13B93900ECD88A /* CertService.swift in Sources */,
				B30FB7C72C13B92200ECD88A /* FavouritesListView.swift in Sources */,
				B30FB7C92C13B92800ECD88A /* FavouritesListViewModel.swift in Sources */,
				B3292FE62C11C04500015C9E /* CarbonCertsTests.swift in Sources */,
				B30FB7CB2C13B93300ECD88A /* CertificatesListView.swift in Sources */,
				B30FB7CA2C13B92F00ECD88A /* MainContentView.swift in Sources */,
				B30FB7CF2C13B93E00ECD88A /* Certificate.swift in Sources */,
			);
			runOnlyForDeploymentPostprocessing = 0;
		};
		B3292FE72C11C04500015C9E /* Sources */ = {
			isa = PBXSourcesBuildPhase;
			buildActionMask = 2147483647;
			files = (
				B3292FF02C11C04500015C9E /* CarbonCertsUITests.swift in Sources */,
				B30FB7CE2C13B93A00ECD88A /* CertService.swift in Sources */,
				B3292FF22C11C04500015C9E /* CarbonCertsUITestsLaunchTests.swift in Sources */,
			);
			runOnlyForDeploymentPostprocessing = 0;
		};
/* End PBXSourcesBuildPhase section */

/* Begin PBXTargetDependency section */
		B3292FE32C11C04500015C9E /* PBXTargetDependency */ = {
			isa = PBXTargetDependency;
			target = B3292FCD2C11C04300015C9E /* CarbonCerts */;
			targetProxy = B3292FE22C11C04500015C9E /* PBXContainerItemProxy */;
		};
		B3292FED2C11C04500015C9E /* PBXTargetDependency */ = {
			isa = PBXTargetDependency;
			target = B3292FCD2C11C04300015C9E /* CarbonCerts */;
			targetProxy = B3292FEC2C11C04500015C9E /* PBXContainerItemProxy */;
		};
/* End PBXTargetDependency section */

/* Begin XCBuildConfiguration section */
		B3292FF32C11C04500015C9E /* Debug */ = {
			isa = XCBuildConfiguration;
			buildSettings = {
				ALWAYS_SEARCH_USER_PATHS = NO;
				ASSETCATALOG_COMPILER_GENERATE_SWIFT_ASSET_SYMBOL_EXTENSIONS = YES;
				CLANG_ANALYZER_NONNULL = YES;
				CLANG_ANALYZER_NUMBER_OBJECT_CONVERSION = YES_AGGRESSIVE;
				CLANG_CXX_LANGUAGE_STANDARD = "gnu++20";
				CLANG_ENABLE_MODULES = YES;
				CLANG_ENABLE_OBJC_ARC = YES;
				CLANG_ENABLE_OBJC_WEAK = YES;
				CLANG_WARN_BLOCK_CAPTURE_AUTORELEASING = YES;
				CLANG_WARN_BOOL_CONVERSION = YES;
				CLANG_WARN_COMMA = YES;
				CLANG_WARN_CONSTANT_CONVERSION = YES;
				CLANG_WARN_DEPRECATED_OBJC_IMPLEMENTATIONS = YES;
				CLANG_WARN_DIRECT_OBJC_ISA_USAGE = YES_ERROR;
				CLANG_WARN_DOCUMENTATION_COMMENTS = YES;
				CLANG_WARN_EMPTY_BODY = YES;
				CLANG_WARN_ENUM_CONVERSION = YES;
				CLANG_WARN_INFINITE_RECURSION = YES;
				CLANG_WARN_INT_CONVERSION = YES;
				CLANG_WARN_NON_LITERAL_NULL_CONVERSION = YES;
				CLANG_WARN_OBJC_IMPLICIT_RETAIN_SELF = YES;
				CLANG_WARN_OBJC_LITERAL_CONVERSION = YES;
				CLANG_WARN_OBJC_ROOT_CLASS = YES_ERROR;
				CLANG_WARN_QUOTED_INCLUDE_IN_FRAMEWORK_HEADER = YES;
				CLANG_WARN_RANGE_LOOP_ANALYSIS = YES;
				CLANG_WARN_STRICT_PROTOTYPES = YES;
				CLANG_WARN_SUSPICIOUS_MOVE = YES;
				CLANG_WARN_UNGUARDED_AVAILABILITY = YES_AGGRESSIVE;
				CLANG_WARN_UNREACHABLE_CODE = YES;
				CLANG_WARN__DUPLICATE_METHOD_MATCH = YES;
				COPY_PHASE_STRIP = NO;
				DEBUG_INFORMATION_FORMAT = dwarf;
				ENABLE_STRICT_OBJC_MSGSEND = YES;
				ENABLE_TESTABILITY = YES;
				ENABLE_USER_SCRIPT_SANDBOXING = YES;
				GCC_C_LANGUAGE_STANDARD = gnu17;
				GCC_DYNAMIC_NO_PIC = NO;
				GCC_NO_COMMON_BLOCKS = YES;
				GCC_OPTIMIZATION_LEVEL = 0;
				GCC_PREPROCESSOR_DEFINITIONS = (
					"DEBUG=1",
					"$(inherited)",
				);
				GCC_WARN_64_TO_32_BIT_CONVERSION = YES;
				GCC_WARN_ABOUT_RETURN_TYPE = YES_ERROR;
				GCC_WARN_UNDECLARED_SELECTOR = YES;
				GCC_WARN_UNINITIALIZED_AUTOS = YES_AGGRESSIVE;
				GCC_WARN_UNUSED_FUNCTION = YES;
				GCC_WARN_UNUSED_VARIABLE = YES;
				LOCALIZATION_PREFERS_STRING_CATALOGS = YES;
				MTL_ENABLE_DEBUG_INFO = INCLUDE_SOURCE;
				MTL_FAST_MATH = YES;
				ONLY_ACTIVE_ARCH = YES;
				SWIFT_ACTIVE_COMPILATION_CONDITIONS = "DEBUG $(inherited)";
				SWIFT_OPTIMIZATION_LEVEL = "-Onone";
			};
			name = Debug;
		};
		B3292FF42C11C04500015C9E /* Release */ = {
			isa = XCBuildConfiguration;
			buildSettings = {
				ALWAYS_SEARCH_USER_PATHS = NO;
				ASSETCATALOG_COMPILER_GENERATE_SWIFT_ASSET_SYMBOL_EXTENSIONS = YES;
				CLANG_ANALYZER_NONNULL = YES;
				CLANG_ANALYZER_NUMBER_OBJECT_CONVERSION = YES_AGGRESSIVE;
				CLANG_CXX_LANGUAGE_STANDARD = "gnu++20";
				CLANG_ENABLE_MODULES = YES;
				CLANG_ENABLE_OBJC_ARC = YES;
				CLANG_ENABLE_OBJC_WEAK = YES;
				CLANG_WARN_BLOCK_CAPTURE_AUTORELEASING = YES;
				CLANG_WARN_BOOL_CONVERSION = YES;
				CLANG_WARN_COMMA = YES;
				CLANG_WARN_CONSTANT_CONVERSION = YES;
				CLANG_WARN_DEPRECATED_OBJC_IMPLEMENTATIONS = YES;
				CLANG_WARN_DIRECT_OBJC_ISA_USAGE = YES_ERROR;
				CLANG_WARN_DOCUMENTATION_COMMENTS = YES;
				CLANG_WARN_EMPTY_BODY = YES;
				CLANG_WARN_ENUM_CONVERSION = YES;
				CLANG_WARN_INFINITE_RECURSION = YES;
				CLANG_WARN_INT_CONVERSION = YES;
				CLANG_WARN_NON_LITERAL_NULL_CONVERSION = YES;
				CLANG_WARN_OBJC_IMPLICIT_RETAIN_SELF = YES;
				CLANG_WARN_OBJC_LITERAL_CONVERSION = YES;
				CLANG_WARN_OBJC_ROOT_CLASS = YES_ERROR;
				CLANG_WARN_QUOTED_INCLUDE_IN_FRAMEWORK_HEADER = YES;
				CLANG_WARN_RANGE_LOOP_ANALYSIS = YES;
				CLANG_WARN_STRICT_PROTOTYPES = YES;
				CLANG_WARN_SUSPICIOUS_MOVE = YES;
				CLANG_WARN_UNGUARDED_AVAILABILITY = YES_AGGRESSIVE;
				CLANG_WARN_UNREACHABLE_CODE = YES;
				CLANG_WARN__DUPLICATE_METHOD_MATCH = YES;
				COPY_PHASE_STRIP = NO;
				DEBUG_INFORMATION_FORMAT = "dwarf-with-dsym";
				ENABLE_NS_ASSERTIONS = NO;
				ENABLE_STRICT_OBJC_MSGSEND = YES;
				ENABLE_USER_SCRIPT_SANDBOXING = YES;
				GCC_C_LANGUAGE_STANDARD = gnu17;
				GCC_NO_COMMON_BLOCKS = YES;
				GCC_WARN_64_TO_32_BIT_CONVERSION = YES;
				GCC_WARN_ABOUT_RETURN_TYPE = YES_ERROR;
				GCC_WARN_UNDECLARED_SELECTOR = YES;
				GCC_WARN_UNINITIALIZED_AUTOS = YES_AGGRESSIVE;
				GCC_WARN_UNUSED_FUNCTION = YES;
				GCC_WARN_UNUSED_VARIABLE = YES;
				LOCALIZATION_PREFERS_STRING_CATALOGS = YES;
				MTL_ENABLE_DEBUG_INFO = NO;
				MTL_FAST_MATH = YES;
				SWIFT_COMPILATION_MODE = wholemodule;
			};
			name = Release;
		};
		B3292FF62C11C04500015C9E /* Debug */ = {
			isa = XCBuildConfiguration;
			buildSettings = {
				ASSETCATALOG_COMPILER_APPICON_NAME = AppIcon;
				ASSETCATALOG_COMPILER_GLOBAL_ACCENT_COLOR_NAME = AccentColor;
				CODE_SIGN_ENTITLEMENTS = CarbonCerts/CarbonCerts.entitlements;
				CODE_SIGN_STYLE = Automatic;
				CURRENT_PROJECT_VERSION = 1;
				DEVELOPMENT_ASSET_PATHS = "\"CarbonCerts/Preview Content\"";
				DEVELOPMENT_TEAM = 2499Y3EK3Q;
				ENABLE_HARDENED_RUNTIME = YES;
				ENABLE_PREVIEWS = YES;
				GENERATE_INFOPLIST_FILE = YES;
				"INFOPLIST_KEY_UIApplicationSceneManifest_Generation[sdk=iphoneos*]" = YES;
				"INFOPLIST_KEY_UIApplicationSceneManifest_Generation[sdk=iphonesimulator*]" = YES;
				"INFOPLIST_KEY_UIApplicationSupportsIndirectInputEvents[sdk=iphoneos*]" = YES;
				"INFOPLIST_KEY_UIApplicationSupportsIndirectInputEvents[sdk=iphonesimulator*]" = YES;
				"INFOPLIST_KEY_UILaunchScreen_Generation[sdk=iphoneos*]" = YES;
				"INFOPLIST_KEY_UILaunchScreen_Generation[sdk=iphonesimulator*]" = YES;
				"INFOPLIST_KEY_UIStatusBarStyle[sdk=iphoneos*]" = UIStatusBarStyleDefault;
				"INFOPLIST_KEY_UIStatusBarStyle[sdk=iphonesimulator*]" = UIStatusBarStyleDefault;
				INFOPLIST_KEY_UISupportedInterfaceOrientations_iPad = "UIInterfaceOrientationPortrait UIInterfaceOrientationPortraitUpsideDown UIInterfaceOrientationLandscapeLeft UIInterfaceOrientationLandscapeRight";
				INFOPLIST_KEY_UISupportedInterfaceOrientations_iPhone = "UIInterfaceOrientationPortrait UIInterfaceOrientationLandscapeLeft UIInterfaceOrientationLandscapeRight";
				IPHONEOS_DEPLOYMENT_TARGET = 17.5;
				LD_RUNPATH_SEARCH_PATHS = "@executable_path/Frameworks";
				"LD_RUNPATH_SEARCH_PATHS[sdk=macosx*]" = "@executable_path/../Frameworks";
				MACOSX_DEPLOYMENT_TARGET = 14.0;
				MARKETING_VERSION = 1.0;
				PRODUCT_BUNDLE_IDENTIFIER = naomre.CarbonCerts;
				PRODUCT_NAME = "$(TARGET_NAME)";
				SDKROOT = auto;
				SUPPORTED_PLATFORMS = "iphoneos iphonesimulator macosx";
				SWIFT_EMIT_LOC_STRINGS = YES;
				SWIFT_VERSION = 5.0;
				TARGETED_DEVICE_FAMILY = "1,2";
			};
			name = Debug;
		};
		B3292FF72C11C04500015C9E /* Release */ = {
			isa = XCBuildConfiguration;
			buildSettings = {
				ASSETCATALOG_COMPILER_APPICON_NAME = AppIcon;
				ASSETCATALOG_COMPILER_GLOBAL_ACCENT_COLOR_NAME = AccentColor;
				CODE_SIGN_ENTITLEMENTS = CarbonCerts/CarbonCerts.entitlements;
				CODE_SIGN_STYLE = Automatic;
				CURRENT_PROJECT_VERSION = 1;
				DEVELOPMENT_ASSET_PATHS = "\"CarbonCerts/Preview Content\"";
				DEVELOPMENT_TEAM = 2499Y3EK3Q;
				ENABLE_HARDENED_RUNTIME = YES;
				ENABLE_PREVIEWS = YES;
				GENERATE_INFOPLIST_FILE = YES;
				"INFOPLIST_KEY_UIApplicationSceneManifest_Generation[sdk=iphoneos*]" = YES;
				"INFOPLIST_KEY_UIApplicationSceneManifest_Generation[sdk=iphonesimulator*]" = YES;
				"INFOPLIST_KEY_UIApplicationSupportsIndirectInputEvents[sdk=iphoneos*]" = YES;
				"INFOPLIST_KEY_UIApplicationSupportsIndirectInputEvents[sdk=iphonesimulator*]" = YES;
				"INFOPLIST_KEY_UILaunchScreen_Generation[sdk=iphoneos*]" = YES;
				"INFOPLIST_KEY_UILaunchScreen_Generation[sdk=iphonesimulator*]" = YES;
				"INFOPLIST_KEY_UIStatusBarStyle[sdk=iphoneos*]" = UIStatusBarStyleDefault;
				"INFOPLIST_KEY_UIStatusBarStyle[sdk=iphonesimulator*]" = UIStatusBarStyleDefault;
				INFOPLIST_KEY_UISupportedInterfaceOrientations_iPad = "UIInterfaceOrientationPortrait UIInterfaceOrientationPortraitUpsideDown UIInterfaceOrientationLandscapeLeft UIInterfaceOrientationLandscapeRight";
				INFOPLIST_KEY_UISupportedInterfaceOrientations_iPhone = "UIInterfaceOrientationPortrait UIInterfaceOrientationLandscapeLeft UIInterfaceOrientationLandscapeRight";
				IPHONEOS_DEPLOYMENT_TARGET = 17.5;
				LD_RUNPATH_SEARCH_PATHS = "@executable_path/Frameworks";
				"LD_RUNPATH_SEARCH_PATHS[sdk=macosx*]" = "@executable_path/../Frameworks";
				MACOSX_DEPLOYMENT_TARGET = 14.0;
				MARKETING_VERSION = 1.0;
				PRODUCT_BUNDLE_IDENTIFIER = naomre.CarbonCerts;
				PRODUCT_NAME = "$(TARGET_NAME)";
				SDKROOT = auto;
				SUPPORTED_PLATFORMS = "iphoneos iphonesimulator macosx";
				SWIFT_EMIT_LOC_STRINGS = YES;
				SWIFT_VERSION = 5.0;
				TARGETED_DEVICE_FAMILY = "1,2";
			};
			name = Release;
		};
		B3292FF92C11C04500015C9E /* Debug */ = {
			isa = XCBuildConfiguration;
			buildSettings = {
				ALWAYS_EMBED_SWIFT_STANDARD_LIBRARIES = YES;
				BUNDLE_LOADER = "$(TEST_HOST)";
				CODE_SIGN_STYLE = Automatic;
				CURRENT_PROJECT_VERSION = 1;
				DEVELOPMENT_TEAM = 2499Y3EK3Q;
				GENERATE_INFOPLIST_FILE = YES;
				IPHONEOS_DEPLOYMENT_TARGET = 17.5;
				MACOSX_DEPLOYMENT_TARGET = 14.5;
				MARKETING_VERSION = 1.0;
				PRODUCT_BUNDLE_IDENTIFIER = naomre.CarbonCertsTests;
				PRODUCT_NAME = "$(TARGET_NAME)";
				SDKROOT = auto;
				SUPPORTED_PLATFORMS = "iphoneos iphonesimulator macosx";
				SWIFT_EMIT_LOC_STRINGS = NO;
				SWIFT_VERSION = 5.0;
				TARGETED_DEVICE_FAMILY = "1,2";
				TEST_HOST = "$(BUILT_PRODUCTS_DIR)/CarbonCerts.app/$(BUNDLE_EXECUTABLE_FOLDER_PATH)/CarbonCerts";
			};
			name = Debug;
		};
		B3292FFA2C11C04500015C9E /* Release */ = {
			isa = XCBuildConfiguration;
			buildSettings = {
				ALWAYS_EMBED_SWIFT_STANDARD_LIBRARIES = YES;
				BUNDLE_LOADER = "$(TEST_HOST)";
				CODE_SIGN_STYLE = Automatic;
				CURRENT_PROJECT_VERSION = 1;
				DEVELOPMENT_TEAM = 2499Y3EK3Q;
				GENERATE_INFOPLIST_FILE = YES;
				IPHONEOS_DEPLOYMENT_TARGET = 17.5;
				MACOSX_DEPLOYMENT_TARGET = 14.5;
				MARKETING_VERSION = 1.0;
				PRODUCT_BUNDLE_IDENTIFIER = naomre.CarbonCertsTests;
				PRODUCT_NAME = "$(TARGET_NAME)";
				SDKROOT = auto;
				SUPPORTED_PLATFORMS = "iphoneos iphonesimulator macosx";
				SWIFT_EMIT_LOC_STRINGS = NO;
				SWIFT_VERSION = 5.0;
				TARGETED_DEVICE_FAMILY = "1,2";
				TEST_HOST = "$(BUILT_PRODUCTS_DIR)/CarbonCerts.app/$(BUNDLE_EXECUTABLE_FOLDER_PATH)/CarbonCerts";
			};
			name = Release;
		};
		B3292FFC2C11C04500015C9E /* Debug */ = {
			isa = XCBuildConfiguration;
			buildSettings = {
				ALWAYS_EMBED_SWIFT_STANDARD_LIBRARIES = YES;
				CODE_SIGN_STYLE = Automatic;
				CURRENT_PROJECT_VERSION = 1;
				DEVELOPMENT_TEAM = 2499Y3EK3Q;
				GENERATE_INFOPLIST_FILE = YES;
				IPHONEOS_DEPLOYMENT_TARGET = 17.5;
				MACOSX_DEPLOYMENT_TARGET = 14.5;
				MARKETING_VERSION = 1.0;
				PRODUCT_BUNDLE_IDENTIFIER = naomre.CarbonCertsUITests;
				PRODUCT_NAME = "$(TARGET_NAME)";
				SDKROOT = auto;
				SUPPORTED_PLATFORMS = "iphoneos iphonesimulator macosx";
				SWIFT_EMIT_LOC_STRINGS = NO;
				SWIFT_VERSION = 5.0;
				TARGETED_DEVICE_FAMILY = "1,2";
				TEST_TARGET_NAME = CarbonCerts;
			};
			name = Debug;
		};
		B3292FFD2C11C04500015C9E /* Release */ = {
			isa = XCBuildConfiguration;
			buildSettings = {
				ALWAYS_EMBED_SWIFT_STANDARD_LIBRARIES = YES;
				CODE_SIGN_STYLE = Automatic;
				CURRENT_PROJECT_VERSION = 1;
				DEVELOPMENT_TEAM = 2499Y3EK3Q;
				GENERATE_INFOPLIST_FILE = YES;
				IPHONEOS_DEPLOYMENT_TARGET = 17.5;
				MACOSX_DEPLOYMENT_TARGET = 14.5;
				MARKETING_VERSION = 1.0;
				PRODUCT_BUNDLE_IDENTIFIER = naomre.CarbonCertsUITests;
				PRODUCT_NAME = "$(TARGET_NAME)";
				SDKROOT = auto;
				SUPPORTED_PLATFORMS = "iphoneos iphonesimulator macosx";
				SWIFT_EMIT_LOC_STRINGS = NO;
				SWIFT_VERSION = 5.0;
				TARGETED_DEVICE_FAMILY = "1,2";
				TEST_TARGET_NAME = CarbonCerts;
			};
			name = Release;
		};
/* End XCBuildConfiguration section */

/* Begin XCConfigurationList section */
		B3292FC92C11C04300015C9E /* Build configuration list for PBXProject "CarbonCerts" */ = {
			isa = XCConfigurationList;
			buildConfigurations = (
				B3292FF32C11C04500015C9E /* Debug */,
				B3292FF42C11C04500015C9E /* Release */,
			);
			defaultConfigurationIsVisible = 0;
			defaultConfigurationName = Release;
		};
		B3292FF52C11C04500015C9E /* Build configuration list for PBXNativeTarget "CarbonCerts" */ = {
			isa = XCConfigurationList;
			buildConfigurations = (
				B3292FF62C11C04500015C9E /* Debug */,
				B3292FF72C11C04500015C9E /* Release */,
			);
			defaultConfigurationIsVisible = 0;
			defaultConfigurationName = Release;
		};
		B3292FF82C11C04500015C9E /* Build configuration list for PBXNativeTarget "CarbonCertsTests" */ = {
			isa = XCConfigurationList;
			buildConfigurations = (
				B3292FF92C11C04500015C9E /* Debug */,
				B3292FFA2C11C04500015C9E /* Release */,
			);
			defaultConfigurationIsVisible = 0;
			defaultConfigurationName = Release;
		};
		B3292FFB2C11C04500015C9E /* Build configuration list for PBXNativeTarget "CarbonCertsUITests" */ = {
			isa = XCConfigurationList;
			buildConfigurations = (
				B3292FFC2C11C04500015C9E /* Debug */,
				B3292FFD2C11C04500015C9E /* Release */,
			);
			defaultConfigurationIsVisible = 0;
			defaultConfigurationName = Release;
		};
/* End XCConfigurationList section */

/* Begin XCRemoteSwiftPackageReference section */
		B3292FFF2C11C5FB00015C9E /* XCRemoteSwiftPackageReference "Moya" */ = {
			isa = XCRemoteSwiftPackageReference;
			repositoryURL = "https://github.com/Moya/Moya";
			requirement = {
				kind = upToNextMajorVersion;
				minimumVersion = 15.0.3;
			};
		};
/* End XCRemoteSwiftPackageReference section */

/* Begin XCSwiftPackageProductDependency section */
		B32930002C11C5FB00015C9E /* CombineMoya */ = {
			isa = XCSwiftPackageProductDependency;
			package = B3292FFF2C11C5FB00015C9E /* XCRemoteSwiftPackageReference "Moya" */;
			productName = CombineMoya;
		};
		B32930022C11C5FB00015C9E /* Moya */ = {
			isa = XCSwiftPackageProductDependency;
			package = B3292FFF2C11C5FB00015C9E /* XCRemoteSwiftPackageReference "Moya" */;
			productName = Moya;
		};
/* End XCSwiftPackageProductDependency section */
	};
	rootObject = B3292FC62C11C04300015C9E /* Project object */;
}
